
Microsoft Visual Studio Solution File, Format Version 12.00
# Visual Studio Version 16
VisualStudioVersion = 16.0.30011.22
MinimumVisualStudioVersion = 10.0.40219.1
Project("{8BC9CEB8-8B4A-11D0-8D11-00A0C91BC942}") = "Sample_First", "Sample_First\Sample_First.vcxproj", "{0D416D08-E4A8-4F3C-BED2-15B37ED26373}"
EndProject
Project("{8BC9CEB8-8B4A-11D0-8D11-00A0C91BC942}") = "tree", "tree\tree.vcxproj", "{53FA28AF-82E8-49BF-BCE4-F1842962C0DB}"
EndProject
Global
	GlobalSection(SolutionConfigurationPlatforms) = preSolution
		Debug|x64 = Debug|x64
		Debug|x86 = Debug|x86
		Release|x64 = Release|x64
		Release|x86 = Release|x86
	EndGlobalSection
	GlobalSection(ProjectConfigurationPlatforms) = postSolution
		{0D416D08-E4A8-4F3C-BED2-15B37ED26373}.Debug|x64.ActiveCfg = Debug|x64
		{0D416D08-E4A8-4F3C-BED2-15B37ED26373}.Debug|x64.Build.0 = Debug|x64
		{0D416D08-E4A8-4F3C-BED2-15B37ED26373}.Debug|x86.ActiveCfg = Debug|Win32
		{0D416D08-E4A8-4F3C-BED2-15B37ED26373}.Debug|x86.Build.0 = Debug|Win32
		{0D416D08-E4A8-4F3C-BED2-15B37ED26373}.Release|x64.ActiveCfg = Release|x64
		{0D416D08-E4A8-4F3C-BED2-15B37ED26373}.Release|x64.Build.0 = Release|x64
		{0D416D08-E4A8-4F3C-BED2-15B37ED26373}.Release|x86.ActiveCfg = Release|Win32
		{0D416D08-E4A8-4F3C-BED2-15B37ED26373}.Release|x86.Build.0 = Release|Win32
		{53FA28AF-82E8-49BF-BCE4-F1842962C0DB}.Debug|x64.ActiveCfg = Debug|x64
		{53FA28AF-82E8-49BF-BCE4-F1842962C0DB}.Debug|x64.Build.0 = Debug|x64
		{53FA28AF-82E8-49BF-BCE4-F1842962C0DB}.Debug|x86.ActiveCfg = Debug|Win32
		{53FA28AF-82E8-49BF-BCE4-F1842962C0DB}.Debug|x86.Build.0 = Debug|Win32
		{53FA28AF-82E8-49BF-BCE4-F1842962C0DB}.Release|x64.ActiveCfg = Release|x64
		{53FA28AF-82E8-49BF-BCE4-F1842962C0DB}.Release|x64.Build.0 = Release|x64
		{53FA28AF-82E8-49BF-BCE4-F1842962C0DB}.Release|x86.ActiveCfg = Release|Win32
		{53FA28AF-82E8-49BF-BCE4-F1842962C0DB}.Release|x86.Build.0 = Release|Win32
	EndGlobalSection
	GlobalSection(SolutionProperties) = preSolution
		HideSolutionNode = FALSE
	EndGlobalSection
	GlobalSection(ExtensibilityGlobals) = postSolution
		SolutionGuid = {AE0D5E31-5C62-4C02-8FF4-EF654A185633}
	EndGlobalSection
EndGlobal
